// !$*UTF8*$!
{
	archiveVersion = 1;
	classes = {
	};
	objectVersion = 46;
	objects = {

/* Begin PBXBuildFile section */
		904393FB1DF793C20093229D /* Test05.cpp in Sources */ = {isa = PBXBuildFile; fileRef = 904393F91DF793C20093229D /* Test05.cpp */; };
		904393FD1DF794F60093229D /* res in CopyFiles */ = {isa = PBXBuildFile; fileRef = 904393FC1DF794CF0093229D /* res */; };
		904394001DF79F500093229D /* Test06.cpp in Sources */ = {isa = PBXBuildFile; fileRef = 904393FE1DF79F500093229D /* Test06.cpp */; };
		90979CD91DF6468C00BA4CB1 /* main.cpp in Sources */ = {isa = PBXBuildFile; fileRef = 90979CD81DF6468100BA4CB1 /* main.cpp */; };
		90979CDC1DF6480500BA4CB1 /* CoreAudioKit.framework in Frameworks */ = {isa = PBXBuildFile; fileRef = 90979CDB1DF6480500BA4CB1 /* CoreAudioKit.framework */; };
		90979CDE1DF6480C00BA4CB1 /* CoreVideo.framework in Frameworks */ = {isa = PBXBuildFile; fileRef = 90979CDD1DF6480C00BA4CB1 /* CoreVideo.framework */; };
		90979CE01DF6481200BA4CB1 /* IOKit.framework in Frameworks */ = {isa = PBXBuildFile; fileRef = 90979CDF1DF6481200BA4CB1 /* IOKit.framework */; };
		90979CE21DF6481900BA4CB1 /* OpenGL.framework in Frameworks */ = {isa = PBXBuildFile; fileRef = 90979CE11DF6481900BA4CB1 /* OpenGL.framework */; };
		90979CE41DF6481F00BA4CB1 /* Cocoa.framework in Frameworks */ = {isa = PBXBuildFile; fileRef = 90979CE31DF6481F00BA4CB1 /* Cocoa.framework */; };
		90979CE81DF6483700BA4CB1 /* libGLEW.a in Frameworks */ = {isa = PBXBuildFile; fileRef = 90979CE51DF6483700BA4CB1 /* libGLEW.a */; };
		90979CE91DF6483700BA4CB1 /* libglfw3.a in Frameworks */ = {isa = PBXBuildFile; fileRef = 90979CE61DF6483700BA4CB1 /* libglfw3.a */; };
		90979CEA1DF6483700BA4CB1 /* libSOIL.a in Frameworks */ = {isa = PBXBuildFile; fileRef = 90979CE71DF6483700BA4CB1 /* libSOIL.a */; };
		90979CF41DF649B700BA4CB1 /* Window.cpp in Sources */ = {isa = PBXBuildFile; fileRef = 90979CF21DF649B700BA4CB1 /* Window.cpp */; };
		90979CF71DF649D500BA4CB1 /* Color.cpp in Sources */ = {isa = PBXBuildFile; fileRef = 90979CF51DF649D500BA4CB1 /* Color.cpp */; };
		90979D091DF649FC00BA4CB1 /* AABB.cpp in Sources */ = {isa = PBXBuildFile; fileRef = 90979CF91DF649FC00BA4CB1 /* AABB.cpp */; };
		90979D0A1DF649FC00BA4CB1 /* Mat4.cpp in Sources */ = {isa = PBXBuildFile; fileRef = 90979CFB1DF649FC00BA4CB1 /* Mat4.cpp */; };
		90979D0B1DF649FC00BA4CB1 /* Quaternion.cpp in Sources */ = {isa = PBXBuildFile; fileRef = 90979CFE1DF649FC00BA4CB1 /* Quaternion.cpp */; };
		90979D0C1DF649FC00BA4CB1 /* Rectangle.cpp in Sources */ = {isa = PBXBuildFile; fileRef = 90979D001DF649FC00BA4CB1 /* Rectangle.cpp */; };
		90979D0D1DF649FC00BA4CB1 /* Vec2.cpp in Sources */ = {isa = PBXBuildFile; fileRef = 90979D031DF649FC00BA4CB1 /* Vec2.cpp */; };
		90979D0E1DF649FC00BA4CB1 /* Vec3.cpp in Sources */ = {isa = PBXBuildFile; fileRef = 90979D051DF649FC00BA4CB1 /* Vec3.cpp */; };
		90979D0F1DF649FC00BA4CB1 /* Vec4.cpp in Sources */ = {isa = PBXBuildFile; fileRef = 90979D071DF649FC00BA4CB1 /* Vec4.cpp */; };
		90979D131DF64A3200BA4CB1 /* FileUtils.cpp in Sources */ = {isa = PBXBuildFile; fileRef = 90979D111DF64A3200BA4CB1 /* FileUtils.cpp */; };
		90979D161DF64CA500BA4CB1 /* Application.cpp in Sources */ = {isa = PBXBuildFile; fileRef = 90979D141DF64CA500BA4CB1 /* Application.cpp */; };
		90979D1E1DF6550F00BA4CB1 /* Test01.cpp in Sources */ = {isa = PBXBuildFile; fileRef = 90979D1C1DF6550F00BA4CB1 /* Test01.cpp */; };
		90979D231DF6617E00BA4CB1 /* Test02.cpp in Sources */ = {isa = PBXBuildFile; fileRef = 90979D211DF6617E00BA4CB1 /* Test02.cpp */; };
		90979D261DF6808A00BA4CB1 /* Test03.cpp in Sources */ = {isa = PBXBuildFile; fileRef = 90979D241DF6808A00BA4CB1 /* Test03.cpp */; };
		90979D291DF6843B00BA4CB1 /* BasicDraw.cpp in Sources */ = {isa = PBXBuildFile; fileRef = 90979D271DF6843B00BA4CB1 /* BasicDraw.cpp */; };
		90979D6D1DF6A2DA00BA4CB1 /* Test04.cpp in Sources */ = {isa = PBXBuildFile; fileRef = 90979D6B1DF6A2DA00BA4CB1 /* Test04.cpp */; };
/* End PBXBuildFile section */

/* Begin PBXCopyFilesBuildPhase section */
		90979CCA1DF6450E00BA4CB1 /* CopyFiles */ = {
			isa = PBXCopyFilesBuildPhase;
			buildActionMask = 12;
			dstPath = "";
			dstSubfolderSpec = 6;
			files = (
				904393FD1DF794F60093229D /* res in CopyFiles */,
			);
			runOnlyForDeploymentPostprocessing = 0;
		};
/* End PBXCopyFilesBuildPhase section */

/* Begin PBXFileReference section */
		904393F91DF793C20093229D /* Test05.cpp */ = {isa = PBXFileReference; fileEncoding = 4; lastKnownFileType = sourcecode.cpp.cpp; path = Test05.cpp; sourceTree = "<group>"; };
		904393FA1DF793C20093229D /* Test05.h */ = {isa = PBXFileReference; fileEncoding = 4; lastKnownFileType = sourcecode.c.h; path = Test05.h; sourceTree = "<group>"; };
		904393FC1DF794CF0093229D /* res */ = {isa = PBXFileReference; lastKnownFileType = folder; name = res; path = ../res; sourceTree = "<group>"; };
		904393FE1DF79F500093229D /* Test06.cpp */ = {isa = PBXFileReference; fileEncoding = 4; lastKnownFileType = sourcecode.cpp.cpp; path = Test06.cpp; sourceTree = "<group>"; };
		904393FF1DF79F500093229D /* Test06.h */ = {isa = PBXFileReference; fileEncoding = 4; lastKnownFileType = sourcecode.c.h; path = Test06.h; sourceTree = "<group>"; };
		90979CCC1DF6450E00BA4CB1 /* Graphics */ = {isa = PBXFileReference; explicitFileType = "compiled.mach-o.executable"; includeInIndex = 0; path = Graphics; sourceTree = BUILT_PRODUCTS_DIR; };
		90979CD81DF6468100BA4CB1 /* main.cpp */ = {isa = PBXFileReference; lastKnownFileType = sourcecode.cpp.cpp; path = main.cpp; sourceTree = "<group>"; };
		90979CDB1DF6480500BA4CB1 /* CoreAudioKit.framework */ = {isa = PBXFileReference; lastKnownFileType = wrapper.framework; name = CoreAudioKit.framework; path = System/Library/Frameworks/CoreAudioKit.framework; sourceTree = SDKROOT; };
		90979CDD1DF6480C00BA4CB1 /* CoreVideo.framework */ = {isa = PBXFileReference; lastKnownFileType = wrapper.framework; name = CoreVideo.framework; path = System/Library/Frameworks/CoreVideo.framework; sourceTree = SDKROOT; };
		90979CDF1DF6481200BA4CB1 /* IOKit.framework */ = {isa = PBXFileReference; lastKnownFileType = wrapper.framework; name = IOKit.framework; path = System/Library/Frameworks/IOKit.framework; sourceTree = SDKROOT; };
		90979CE11DF6481900BA4CB1 /* OpenGL.framework */ = {isa = PBXFileReference; lastKnownFileType = wrapper.framework; name = OpenGL.framework; path = System/Library/Frameworks/OpenGL.framework; sourceTree = SDKROOT; };
		90979CE31DF6481F00BA4CB1 /* Cocoa.framework */ = {isa = PBXFileReference; lastKnownFileType = wrapper.framework; name = Cocoa.framework; path = System/Library/Frameworks/Cocoa.framework; sourceTree = SDKROOT; };
		90979CE51DF6483700BA4CB1 /* libGLEW.a */ = {isa = PBXFileReference; lastKnownFileType = archive.ar; name = libGLEW.a; path = ../../library/libGLEW.a; sourceTree = "<group>"; };
		90979CE61DF6483700BA4CB1 /* libglfw3.a */ = {isa = PBXFileReference; lastKnownFileType = archive.ar; name = libglfw3.a; path = ../../library/libglfw3.a; sourceTree = "<group>"; };
		90979CE71DF6483700BA4CB1 /* libSOIL.a */ = {isa = PBXFileReference; lastKnownFileType = archive.ar; name = libSOIL.a; path = ../../library/libSOIL.a; sourceTree = "<group>"; };
		90979CEC1DF648E800BA4CB1 /* ExternHeader.h */ = {isa = PBXFileReference; fileEncoding = 4; lastKnownFileType = sourcecode.c.h; path = ExternHeader.h; sourceTree = "<group>"; };
		90979CED1DF648E800BA4CB1 /* MacrosAssert.h */ = {isa = PBXFileReference; fileEncoding = 4; lastKnownFileType = sourcecode.c.h; path = MacrosAssert.h; sourceTree = "<group>"; };
		90979CEE1DF648E800BA4CB1 /* PlatformMacros.h */ = {isa = PBXFileReference; fileEncoding = 4; lastKnownFileType = sourcecode.c.h; path = PlatformMacros.h; sourceTree = "<group>"; };
		90979CEF1DF648E800BA4CB1 /* Sharp.h */ = {isa = PBXFileReference; fileEncoding = 4; lastKnownFileType = sourcecode.c.h; path = Sharp.h; sourceTree = "<group>"; };
		90979CF01DF648E800BA4CB1 /* SingletonTemplate.h */ = {isa = PBXFileReference; fileEncoding = 4; lastKnownFileType = sourcecode.c.h; path = SingletonTemplate.h; sourceTree = "<group>"; };
		90979CF21DF649B700BA4CB1 /* Window.cpp */ = {isa = PBXFileReference; fileEncoding = 4; lastKnownFileType = sourcecode.cpp.cpp; path = Window.cpp; sourceTree = "<group>"; };
		90979CF31DF649B700BA4CB1 /* Window.h */ = {isa = PBXFileReference; fileEncoding = 4; lastKnownFileType = sourcecode.c.h; path = Window.h; sourceTree = "<group>"; };
		90979CF51DF649D500BA4CB1 /* Color.cpp */ = {isa = PBXFileReference; fileEncoding = 4; lastKnownFileType = sourcecode.cpp.cpp; path = Color.cpp; sourceTree = "<group>"; };
		90979CF61DF649D500BA4CB1 /* Color.h */ = {isa = PBXFileReference; fileEncoding = 4; lastKnownFileType = sourcecode.c.h; path = Color.h; sourceTree = "<group>"; };
		90979CF91DF649FC00BA4CB1 /* AABB.cpp */ = {isa = PBXFileReference; fileEncoding = 4; lastKnownFileType = sourcecode.cpp.cpp; path = AABB.cpp; sourceTree = "<group>"; };
		90979CFA1DF649FC00BA4CB1 /* AABB.h */ = {isa = PBXFileReference; fileEncoding = 4; lastKnownFileType = sourcecode.c.h; path = AABB.h; sourceTree = "<group>"; };
		90979CFB1DF649FC00BA4CB1 /* Mat4.cpp */ = {isa = PBXFileReference; fileEncoding = 4; lastKnownFileType = sourcecode.cpp.cpp; path = Mat4.cpp; sourceTree = "<group>"; };
		90979CFC1DF649FC00BA4CB1 /* Mat4.h */ = {isa = PBXFileReference; fileEncoding = 4; lastKnownFileType = sourcecode.c.h; path = Mat4.h; sourceTree = "<group>"; };
		90979CFD1DF649FC00BA4CB1 /* math_func.h */ = {isa = PBXFileReference; fileEncoding = 4; lastKnownFileType = sourcecode.c.h; path = math_func.h; sourceTree = "<group>"; };
		90979CFE1DF649FC00BA4CB1 /* Quaternion.cpp */ = {isa = PBXFileReference; fileEncoding = 4; lastKnownFileType = sourcecode.cpp.cpp; path = Quaternion.cpp; sourceTree = "<group>"; };
		90979CFF1DF649FC00BA4CB1 /* Quaternion.h */ = {isa = PBXFileReference; fileEncoding = 4; lastKnownFileType = sourcecode.c.h; path = Quaternion.h; sourceTree = "<group>"; };
		90979D001DF649FC00BA4CB1 /* Rectangle.cpp */ = {isa = PBXFileReference; fileEncoding = 4; lastKnownFileType = sourcecode.cpp.cpp; path = Rectangle.cpp; sourceTree = "<group>"; };
		90979D011DF649FC00BA4CB1 /* Rectangle.h */ = {isa = PBXFileReference; fileEncoding = 4; lastKnownFileType = sourcecode.c.h; path = Rectangle.h; sourceTree = "<group>"; };
		90979D021DF649FC00BA4CB1 /* TemplateVec2.h */ = {isa = PBXFileReference; fileEncoding = 4; lastKnownFileType = sourcecode.c.h; path = TemplateVec2.h; sourceTree = "<group>"; };
		90979D031DF649FC00BA4CB1 /* Vec2.cpp */ = {isa = PBXFileReference; fileEncoding = 4; lastKnownFileType = sourcecode.cpp.cpp; path = Vec2.cpp; sourceTree = "<group>"; };
		90979D041DF649FC00BA4CB1 /* Vec2.h */ = {isa = PBXFileReference; fileEncoding = 4; lastKnownFileType = sourcecode.c.h; path = Vec2.h; sourceTree = "<group>"; };
		90979D051DF649FC00BA4CB1 /* Vec3.cpp */ = {isa = PBXFileReference; fileEncoding = 4; lastKnownFileType = sourcecode.cpp.cpp; path = Vec3.cpp; sourceTree = "<group>"; };
		90979D061DF649FC00BA4CB1 /* Vec3.h */ = {isa = PBXFileReference; fileEncoding = 4; lastKnownFileType = sourcecode.c.h; path = Vec3.h; sourceTree = "<group>"; };
		90979D071DF649FC00BA4CB1 /* Vec4.cpp */ = {isa = PBXFileReference; fileEncoding = 4; lastKnownFileType = sourcecode.cpp.cpp; path = Vec4.cpp; sourceTree = "<group>"; };
		90979D081DF649FC00BA4CB1 /* Vec4.h */ = {isa = PBXFileReference; fileEncoding = 4; lastKnownFileType = sourcecode.c.h; path = Vec4.h; sourceTree = "<group>"; };
		90979D111DF64A3200BA4CB1 /* FileUtils.cpp */ = {isa = PBXFileReference; fileEncoding = 4; lastKnownFileType = sourcecode.cpp.cpp; path = FileUtils.cpp; sourceTree = "<group>"; };
		90979D121DF64A3200BA4CB1 /* FileUtils.h */ = {isa = PBXFileReference; fileEncoding = 4; lastKnownFileType = sourcecode.c.h; path = FileUtils.h; sourceTree = "<group>"; };
		90979D141DF64CA500BA4CB1 /* Application.cpp */ = {isa = PBXFileReference; fileEncoding = 4; lastKnownFileType = sourcecode.cpp.cpp; path = Application.cpp; sourceTree = "<group>"; };
		90979D151DF64CA500BA4CB1 /* Application.h */ = {isa = PBXFileReference; fileEncoding = 4; lastKnownFileType = sourcecode.c.h; path = Application.h; sourceTree = "<group>"; };
		90979D1C1DF6550F00BA4CB1 /* Test01.cpp */ = {isa = PBXFileReference; fileEncoding = 4; lastKnownFileType = sourcecode.cpp.cpp; path = Test01.cpp; sourceTree = "<group>"; };
		90979D1D1DF6550F00BA4CB1 /* Test01.h */ = {isa = PBXFileReference; fileEncoding = 4; lastKnownFileType = sourcecode.c.h; path = Test01.h; sourceTree = "<group>"; };
		90979D201DF6594300BA4CB1 /* IRenderObj.h */ = {isa = PBXFileReference; fileEncoding = 4; lastKnownFileType = sourcecode.c.h; path = IRenderObj.h; sourceTree = "<group>"; };
		90979D211DF6617E00BA4CB1 /* Test02.cpp */ = {isa = PBXFileReference; fileEncoding = 4; lastKnownFileType = sourcecode.cpp.cpp; path = Test02.cpp; sourceTree = "<group>"; };
		90979D221DF6617E00BA4CB1 /* Test02.h */ = {isa = PBXFileReference; fileEncoding = 4; lastKnownFileType = sourcecode.c.h; path = Test02.h; sourceTree = "<group>"; };
		90979D241DF6808A00BA4CB1 /* Test03.cpp */ = {isa = PBXFileReference; fileEncoding = 4; lastKnownFileType = sourcecode.cpp.cpp; path = Test03.cpp; sourceTree = "<group>"; };
		90979D251DF6808A00BA4CB1 /* Test03.h */ = {isa = PBXFileReference; fileEncoding = 4; lastKnownFileType = sourcecode.c.h; path = Test03.h; sourceTree = "<group>"; };
		90979D271DF6843B00BA4CB1 /* BasicDraw.cpp */ = {isa = PBXFileReference; fileEncoding = 4; lastKnownFileType = sourcecode.cpp.cpp; path = BasicDraw.cpp; sourceTree = "<group>"; };
		90979D281DF6843B00BA4CB1 /* BasicDraw.h */ = {isa = PBXFileReference; fileEncoding = 4; lastKnownFileType = sourcecode.c.h; path = BasicDraw.h; sourceTree = "<group>"; };
		90979D2A1DF684F400BA4CB1 /* MathHeader.h */ = {isa = PBXFileReference; lastKnownFileType = sourcecode.c.h; path = MathHeader.h; sourceTree = "<group>"; };
		90979D651DF6866900BA4CB1 /* RandomUtils.h */ = {isa = PBXFileReference; fileEncoding = 4; lastKnownFileType = sourcecode.c.h; path = RandomUtils.h; sourceTree = "<group>"; };
		90979D6B1DF6A2DA00BA4CB1 /* Test04.cpp */ = {isa = PBXFileReference; fileEncoding = 4; lastKnownFileType = sourcecode.cpp.cpp; path = Test04.cpp; sourceTree = "<group>"; };
		90979D6C1DF6A2DA00BA4CB1 /* Test04.h */ = {isa = PBXFileReference; fileEncoding = 4; lastKnownFileType = sourcecode.c.h; path = Test04.h; sourceTree = "<group>"; };
/* End PBXFileReference section */

/* Begin PBXFrameworksBuildPhase section */
		90979CC91DF6450E00BA4CB1 /* Frameworks */ = {
			isa = PBXFrameworksBuildPhase;
			buildActionMask = 2147483647;
			files = (
				90979CE81DF6483700BA4CB1 /* libGLEW.a in Frameworks */,
				90979CE91DF6483700BA4CB1 /* libglfw3.a in Frameworks */,
				90979CEA1DF6483700BA4CB1 /* libSOIL.a in Frameworks */,
				90979CE41DF6481F00BA4CB1 /* Cocoa.framework in Frameworks */,
				90979CE21DF6481900BA4CB1 /* OpenGL.framework in Frameworks */,
				90979CE01DF6481200BA4CB1 /* IOKit.framework in Frameworks */,
				90979CDE1DF6480C00BA4CB1 /* CoreVideo.framework in Frameworks */,
				90979CDC1DF6480500BA4CB1 /* CoreAudioKit.framework in Frameworks */,
			);
			runOnlyForDeploymentPostprocessing = 0;
		};
/* End PBXFrameworksBuildPhase section */

/* Begin PBXGroup section */
		90979CC31DF6450E00BA4CB1 = {
			isa = PBXGroup;
			children = (
				90979CD71DF6468100BA4CB1 /* src */,
				904393FC1DF794CF0093229D /* res */,
				90979CCD1DF6450E00BA4CB1 /* Products */,
				90979CDA1DF6480500BA4CB1 /* Frameworks */,
			);
			sourceTree = "<group>";
		};
		90979CCD1DF6450E00BA4CB1 /* Products */ = {
			isa = PBXGroup;
			children = (
				90979CCC1DF6450E00BA4CB1 /* Graphics */,
			);
			name = Products;
			sourceTree = "<group>";
		};
		90979CD71DF6468100BA4CB1 /* src */ = {
			isa = PBXGroup;
			children = (
				90979D1F1DF6593B00BA4CB1 /* Render */,
				90979D1B1DF654FF00BA4CB1 /* Test */,
				90979D101DF64A1E00BA4CB1 /* Utils */,
				90979CF81DF649EC00BA4CB1 /* Math */,
				90979CF11DF649A100BA4CB1 /* Window */,
				90979CEB1DF648BE00BA4CB1 /* Common */,
				90979CD81DF6468100BA4CB1 /* main.cpp */,
			);
			name = src;
			path = ../src;
			sourceTree = "<group>";
		};
		90979CDA1DF6480500BA4CB1 /* Frameworks */ = {
			isa = PBXGroup;
			children = (
				90979CE51DF6483700BA4CB1 /* libGLEW.a */,
				90979CE61DF6483700BA4CB1 /* libglfw3.a */,
				90979CE71DF6483700BA4CB1 /* libSOIL.a */,
				90979CE31DF6481F00BA4CB1 /* Cocoa.framework */,
				90979CE11DF6481900BA4CB1 /* OpenGL.framework */,
				90979CDF1DF6481200BA4CB1 /* IOKit.framework */,
				90979CDD1DF6480C00BA4CB1 /* CoreVideo.framework */,
				90979CDB1DF6480500BA4CB1 /* CoreAudioKit.framework */,
			);
			name = Frameworks;
			sourceTree = "<group>";
		};
		90979CEB1DF648BE00BA4CB1 /* Common */ = {
			isa = PBXGroup;
			children = (
				90979CEC1DF648E800BA4CB1 /* ExternHeader.h */,
				90979CED1DF648E800BA4CB1 /* MacrosAssert.h */,
				90979CEE1DF648E800BA4CB1 /* PlatformMacros.h */,
				90979CEF1DF648E800BA4CB1 /* Sharp.h */,
				90979CF01DF648E800BA4CB1 /* SingletonTemplate.h */,
			);
			name = Common;
			sourceTree = "<group>";
		};
		90979CF11DF649A100BA4CB1 /* Window */ = {
			isa = PBXGroup;
			children = (
				90979D141DF64CA500BA4CB1 /* Application.cpp */,
				90979D151DF64CA500BA4CB1 /* Application.h */,
				90979CF51DF649D500BA4CB1 /* Color.cpp */,
				90979CF61DF649D500BA4CB1 /* Color.h */,
				90979CF21DF649B700BA4CB1 /* Window.cpp */,
				90979CF31DF649B700BA4CB1 /* Window.h */,
			);
			name = Window;
			sourceTree = "<group>";
		};
		90979CF81DF649EC00BA4CB1 /* Math */ = {
			isa = PBXGroup;
			children = (
				90979CF91DF649FC00BA4CB1 /* AABB.cpp */,
				90979CFA1DF649FC00BA4CB1 /* AABB.h */,
				90979CFB1DF649FC00BA4CB1 /* Mat4.cpp */,
				90979CFC1DF649FC00BA4CB1 /* Mat4.h */,
				90979CFD1DF649FC00BA4CB1 /* math_func.h */,
				90979CFE1DF649FC00BA4CB1 /* Quaternion.cpp */,
				90979CFF1DF649FC00BA4CB1 /* Quaternion.h */,
				90979D001DF649FC00BA4CB1 /* Rectangle.cpp */,
				90979D011DF649FC00BA4CB1 /* Rectangle.h */,
				90979D021DF649FC00BA4CB1 /* TemplateVec2.h */,
				90979D031DF649FC00BA4CB1 /* Vec2.cpp */,
				90979D041DF649FC00BA4CB1 /* Vec2.h */,
				90979D051DF649FC00BA4CB1 /* Vec3.cpp */,
				90979D061DF649FC00BA4CB1 /* Vec3.h */,
				90979D071DF649FC00BA4CB1 /* Vec4.cpp */,
				90979D081DF649FC00BA4CB1 /* Vec4.h */,
				90979D2A1DF684F400BA4CB1 /* MathHeader.h */,
			);
			name = Math;
			sourceTree = "<group>";
		};
		90979D101DF64A1E00BA4CB1 /* Utils */ = {
			isa = PBXGroup;
			children = (
				90979D651DF6866900BA4CB1 /* RandomUtils.h */,
				90979D111DF64A3200BA4CB1 /* FileUtils.cpp */,
				90979D121DF64A3200BA4CB1 /* FileUtils.h */,
			);
			name = Utils;
			sourceTree = "<group>";
		};
		90979D1B1DF654FF00BA4CB1 /* Test */ = {
			isa = PBXGroup;
			children = (
				90979D1C1DF6550F00BA4CB1 /* Test01.cpp */,
				90979D1D1DF6550F00BA4CB1 /* Test01.h */,
				90979D211DF6617E00BA4CB1 /* Test02.cpp */,
				90979D221DF6617E00BA4CB1 /* Test02.h */,
				90979D241DF6808A00BA4CB1 /* Test03.cpp */,
				90979D251DF6808A00BA4CB1 /* Test03.h */,
				90979D6B1DF6A2DA00BA4CB1 /* Test04.cpp */,
				90979D6C1DF6A2DA00BA4CB1 /* Test04.h */,
				904393F91DF793C20093229D /* Test05.cpp */,
				904393FA1DF793C20093229D /* Test05.h */,
				904393FE1DF79F500093229D /* Test06.cpp */,
				904393FF1DF79F500093229D /* Test06.h */,
			);
			name = Test;
			sourceTree = "<group>";
		};
		90979D1F1DF6593B00BA4CB1 /* Render */ = {
			isa = PBXGroup;
			children = (
				90979D201DF6594300BA4CB1 /* IRenderObj.h */,
				90979D271DF6843B00BA4CB1 /* BasicDraw.cpp */,
				90979D281DF6843B00BA4CB1 /* BasicDraw.h */,
			);
			name = Render;
			sourceTree = "<group>";
		};
/* End PBXGroup section */

/* Begin PBXNativeTarget section */
		90979CCB1DF6450E00BA4CB1 /* Graphics */ = {
			isa = PBXNativeTarget;
			buildConfigurationList = 90979CD31DF6450E00BA4CB1 /* Build configuration list for PBXNativeTarget "Graphics" */;
			buildPhases = (
				90979CC81DF6450E00BA4CB1 /* Sources */,
				90979CC91DF6450E00BA4CB1 /* Frameworks */,
				90979CCA1DF6450E00BA4CB1 /* CopyFiles */,
			);
			buildRules = (
			);
			dependencies = (
			);
			name = Graphics;
			productName = Graphics;
			productReference = 90979CCC1DF6450E00BA4CB1 /* Graphics */;
			productType = "com.apple.product-type.tool";
		};
/* End PBXNativeTarget section */

/* Begin PBXProject section */
		90979CC41DF6450E00BA4CB1 /* Project object */ = {
			isa = PBXProject;
			attributes = {
				LastUpgradeCheck = 0810;
				ORGANIZATIONNAME = ccf;
				TargetAttributes = {
					90979CCB1DF6450E00BA4CB1 = {
						CreatedOnToolsVersion = 8.1;
						ProvisioningStyle = Automatic;
					};
				};
			};
			buildConfigurationList = 90979CC71DF6450E00BA4CB1 /* Build configuration list for PBXProject "Graphics" */;
			compatibilityVersion = "Xcode 3.2";
			developmentRegion = English;
			hasScannedForEncodings = 0;
			knownRegions = (
				en,
			);
			mainGroup = 90979CC31DF6450E00BA4CB1;
			productRefGroup = 90979CCD1DF6450E00BA4CB1 /* Products */;
			projectDirPath = "";
			projectRoot = "";
			targets = (
				90979CCB1DF6450E00BA4CB1 /* Graphics */,
			);
		};
/* End PBXProject section */

/* Begin PBXSourcesBuildPhase section */
		90979CC81DF6450E00BA4CB1 /* Sources */ = {
			isa = PBXSourcesBuildPhase;
			buildActionMask = 2147483647;
			files = (
				90979D1E1DF6550F00BA4CB1 /* Test01.cpp in Sources */,
				90979D131DF64A3200BA4CB1 /* FileUtils.cpp in Sources */,
				90979D0E1DF649FC00BA4CB1 /* Vec3.cpp in Sources */,
				90979CD91DF6468C00BA4CB1 /* main.cpp in Sources */,
				90979D0D1DF649FC00BA4CB1 /* Vec2.cpp in Sources */,
				90979CF71DF649D500BA4CB1 /* Color.cpp in Sources */,
				90979CF41DF649B700BA4CB1 /* Window.cpp in Sources */,
				90979D231DF6617E00BA4CB1 /* Test02.cpp in Sources */,
				90979D6D1DF6A2DA00BA4CB1 /* Test04.cpp in Sources */,
				90979D091DF649FC00BA4CB1 /* AABB.cpp in Sources */,
				90979D0A1DF649FC00BA4CB1 /* Mat4.cpp in Sources */,
				90979D161DF64CA500BA4CB1 /* Application.cpp in Sources */,
				90979D0C1DF649FC00BA4CB1 /* Rectangle.cpp in Sources */,
				90979D261DF6808A00BA4CB1 /* Test03.cpp in Sources */,
				90979D0B1DF649FC00BA4CB1 /* Quaternion.cpp in Sources */,
				904394001DF79F500093229D /* Test06.cpp in Sources */,
				90979D291DF6843B00BA4CB1 /* BasicDraw.cpp in Sources */,
				904393FB1DF793C20093229D /* Test05.cpp in Sources */,
				90979D0F1DF649FC00BA4CB1 /* Vec4.cpp in Sources */,
			);
			runOnlyForDeploymentPostprocessing = 0;
		};
/* End PBXSourcesBuildPhase section */

/* Begin XCBuildConfiguration section */
		90979CD11DF6450E00BA4CB1 /* Debug */ = {
			isa = XCBuildConfiguration;
			buildSettings = {
				ALWAYS_SEARCH_USER_PATHS = NO;
				CLANG_ANALYZER_NONNULL = YES;
				CLANG_CXX_LANGUAGE_STANDARD = "gnu++0x";
				CLANG_CXX_LIBRARY = "libc++";
				CLANG_ENABLE_MODULES = YES;
				CLANG_ENABLE_OBJC_ARC = YES;
				CLANG_WARN_BOOL_CONVERSION = YES;
				CLANG_WARN_CONSTANT_CONVERSION = YES;
				CLANG_WARN_DIRECT_OBJC_ISA_USAGE = YES_ERROR;
				CLANG_WARN_DOCUMENTATION_COMMENTS = YES;
				CLANG_WARN_EMPTY_BODY = YES;
				CLANG_WARN_ENUM_CONVERSION = YES;
				CLANG_WARN_INFINITE_RECURSION = YES;
				CLANG_WARN_INT_CONVERSION = YES;
				CLANG_WARN_OBJC_ROOT_CLASS = YES_ERROR;
				CLANG_WARN_SUSPICIOUS_MOVES = YES;
				CLANG_WARN_UNREACHABLE_CODE = YES;
				CLANG_WARN__DUPLICATE_METHOD_MATCH = YES;
				CODE_SIGN_IDENTITY = "-";
				COPY_PHASE_STRIP = NO;
				DEBUG_INFORMATION_FORMAT = dwarf;
				ENABLE_STRICT_OBJC_MSGSEND = YES;
				ENABLE_TESTABILITY = YES;
				GCC_C_LANGUAGE_STANDARD = gnu99;
				GCC_DYNAMIC_NO_PIC = NO;
				GCC_NO_COMMON_BLOCKS = YES;
				GCC_OPTIMIZATION_LEVEL = 0;
				GCC_PREPROCESSOR_DEFINITIONS = (
					"DEBUG=1",
					"$(inherited)",
				);
				GCC_WARN_64_TO_32_BIT_CONVERSION = YES;
				GCC_WARN_ABOUT_RETURN_TYPE = YES_ERROR;
				GCC_WARN_UNDECLARED_SELECTOR = YES;
				GCC_WARN_UNINITIALIZED_AUTOS = YES_AGGRESSIVE;
				GCC_WARN_UNUSED_FUNCTION = YES;
				GCC_WARN_UNUSED_VARIABLE = YES;
				MACOSX_DEPLOYMENT_TARGET = 10.12;
				MTL_ENABLE_DEBUG_INFO = YES;
				ONLY_ACTIVE_ARCH = YES;
				SDKROOT = macosx;
			};
			name = Debug;
		};
		90979CD21DF6450E00BA4CB1 /* Release */ = {
			isa = XCBuildConfiguration;
			buildSettings = {
				ALWAYS_SEARCH_USER_PATHS = NO;
				CLANG_ANALYZER_NONNULL = YES;
				CLANG_CXX_LANGUAGE_STANDARD = "gnu++0x";
				CLANG_CXX_LIBRARY = "libc++";
				CLANG_ENABLE_MODULES = YES;
				CLANG_ENABLE_OBJC_ARC = YES;
				CLANG_WARN_BOOL_CONVERSION = YES;
				CLANG_WARN_CONSTANT_CONVERSION = YES;
				CLANG_WARN_DIRECT_OBJC_ISA_USAGE = YES_ERROR;
				CLANG_WARN_DOCUMENTATION_COMMENTS = YES;
				CLANG_WARN_EMPTY_BODY = YES;
				CLANG_WARN_ENUM_CONVERSION = YES;
				CLANG_WARN_INFINITE_RECURSION = YES;
				CLANG_WARN_INT_CONVERSION = YES;
				CLANG_WARN_OBJC_ROOT_CLASS = YES_ERROR;
				CLANG_WARN_SUSPICIOUS_MOVES = YES;
				CLANG_WARN_UNREACHABLE_CODE = YES;
				CLANG_WARN__DUPLICATE_METHOD_MATCH = YES;
				CODE_SIGN_IDENTITY = "-";
				COPY_PHASE_STRIP = NO;
				DEBUG_INFORMATION_FORMAT = "dwarf-with-dsym";
				ENABLE_NS_ASSERTIONS = NO;
				ENABLE_STRICT_OBJC_MSGSEND = YES;
				GCC_C_LANGUAGE_STANDARD = gnu99;
				GCC_NO_COMMON_BLOCKS = YES;
				GCC_WARN_64_TO_32_BIT_CONVERSION = YES;
				GCC_WARN_ABOUT_RETURN_TYPE = YES_ERROR;
				GCC_WARN_UNDECLARED_SELECTOR = YES;
				GCC_WARN_UNINITIALIZED_AUTOS = YES_AGGRESSIVE;
				GCC_WARN_UNUSED_FUNCTION = YES;
				GCC_WARN_UNUSED_VARIABLE = YES;
				MACOSX_DEPLOYMENT_TARGET = 10.12;
				MTL_ENABLE_DEBUG_INFO = NO;
				SDKROOT = macosx;
			};
			name = Release;
		};
		90979CD41DF6450E00BA4CB1 /* Debug */ = {
			isa = XCBuildConfiguration;
			buildSettings = {
				HEADER_SEARCH_PATHS = $PROJECT_DIR/../../header/;
				LIBRARY_SEARCH_PATHS = $PROJECT_DIR/../../library;
				PRODUCT_NAME = "$(TARGET_NAME)";
			};
			name = Debug;
		};
		90979CD51DF6450E00BA4CB1 /* Release */ = {
			isa = XCBuildConfiguration;
			buildSettings = {
				HEADER_SEARCH_PATHS = $PROJECT_DIR/../../header/;
				LIBRARY_SEARCH_PATHS = $PROJECT_DIR/../../library;
				PRODUCT_NAME = "$(TARGET_NAME)";
			};
			name = Release;
		};
/* End XCBuildConfiguration section */

/* Begin XCConfigurationList section */
		90979CC71DF6450E00BA4CB1 /* Build configuration list for PBXProject "Graphics" */ = {
			isa = XCConfigurationList;
			buildConfigurations = (
				90979CD11DF6450E00BA4CB1 /* Debug */,
				90979CD21DF6450E00BA4CB1 /* Release */,
			);
			defaultConfigurationIsVisible = 0;
			defaultConfigurationName = Release;
		};
		90979CD31DF6450E00BA4CB1 /* Build configuration list for PBXNativeTarget "Graphics" */ = {
			isa = XCConfigurationList;
			buildConfigurations = (
				90979CD41DF6450E00BA4CB1 /* Debug */,
				90979CD51DF6450E00BA4CB1 /* Release */,
			);
			defaultConfigurationIsVisible = 0;
			defaultConfigurationName = Release;
		};
/* End XCConfigurationList section */
	};
	rootObject = 90979CC41DF6450E00BA4CB1 /* Project object */;
}
